
Microsoft Visual Studio Solution File, Format Version 12.00
# Visual Studio Version 17
VisualStudioVersion = 17.12.35506.116
MinimumVisualStudioVersion = 10.0.40219.1
Project("{FAE04EC0-301F-11D3-BF4B-00C04F79EFBC}") = "AvaloniaApplication1", "AvaloniaApplication1\AvaloniaApplication1.csproj", "{F70869FF-C424-471D-8BAC-712EDDCC10BA}"
EndProject
Project("{FAE04EC0-301F-11D3-BF4B-00C04F79EFBC}") = "AvaloniaApplication1.Desktop", "AvaloniaApplication1.Desktop\AvaloniaApplication1.Desktop.csproj", "{CCC92212-C898-4DB2-8D4B-B94F884FB4B0}"
EndProject
Project("{FAE04EC0-301F-11D3-BF4B-00C04F79EFBC}") = "AvaloniaApplication2", "AvaloniaApplication2\AvaloniaApplication2.csproj", "{6E08A540-B1DD-46B0-B8B4-FF9E1EC2660F}"
EndProject
Project("{FAE04EC0-301F-11D3-BF4B-00C04F79EFBC}") = "AvaloniaApplication2.Desktop", "AvaloniaApplication2.Desktop\AvaloniaApplication2.Desktop.csproj", "{241B6210-C8CF-4767-9EBE-5348E7866A32}"
EndProject
Project("{2150E333-8FDC-42A3-9474-1A3956D46DE8}") = "Avalonia ReactiveUI", "Avalonia ReactiveUI", "{8866E3D0-B211-4381-9A81-6ECB5DCD5232}"
EndProject
Project("{2150E333-8FDC-42A3-9474-1A3956D46DE8}") = "Avalonia Community Toolkit", "Avalonia Community Toolkit", "{1810D495-5476-43E3-818D-059DC637C6BD}"
EndProject
Project("{2150E333-8FDC-42A3-9474-1A3956D46DE8}") = "Avalonia Test", "Avalonia Test", "{4B9D7925-26B2-4E48-9DE1-CC22940E77F6}"
EndProject
Project("{2150E333-8FDC-42A3-9474-1A3956D46DE8}") = "Avalonia Community Toolkit", "Avalonia Community Toolkit", "{AC597DAA-BD72-4D92-9D39-94A5067447AD}"
EndProject
Project("{2150E333-8FDC-42A3-9474-1A3956D46DE8}") = "Video Demo", "Video Demo", "{3CB45168-E803-47AB-AE8A-EC95B9E9E99A}"
EndProject
Project("{FAE04EC0-301F-11D3-BF4B-00C04F79EFBC}") = "AvaloniaApplication3", "AvaloniaApplication3\AvaloniaApplication3.csproj", "{91707D70-8A9C-4E8B-82F3-AF4E22E9CE28}"
EndProject
Project("{FAE04EC0-301F-11D3-BF4B-00C04F79EFBC}") = "AvaloniaApplication3.Android", "AvaloniaApplication3.Android\AvaloniaApplication3.Android.csproj", "{DC5B0151-4E7F-4FEC-AA2E-2B39D10BE76D}"
EndProject
Project("{FAE04EC0-301F-11D3-BF4B-00C04F79EFBC}") = "AvaloniaApplication3.Desktop", "AvaloniaApplication3.Desktop\AvaloniaApplication3.Desktop.csproj", "{471EC9CB-EDED-480B-94E0-8BDDAFEF50FC}"
EndProject
Project("{2150E333-8FDC-42A3-9474-1A3956D46DE8}") = "VLC", "VLC", "{7FD4BB16-33C1-4EBD-826D-14658AC304E6}"
EndProject
Project("{2150E333-8FDC-42A3-9474-1A3956D46DE8}") = "MPV-LibMpv.Avalonia", "MPV-LibMpv.Avalonia", "{32CB6FD0-F5F5-4E58-B990-C5972A7901F1}"
EndProject
Project("{FAE04EC0-301F-11D3-BF4B-00C04F79EFBC}") = "AvaloniaApplication4", "AvaloniaApplication4\AvaloniaApplication4.csproj", "{14E4CD21-1A19-4D7A-A1F2-58E44C5FA610}"
EndProject
Project("{FAE04EC0-301F-11D3-BF4B-00C04F79EFBC}") = "AvaloniaApplication4.Android", "AvaloniaApplication4.Android\AvaloniaApplication4.Android.csproj", "{0D0F2621-6550-44A2-99AA-9DE264020EDB}"
EndProject
Project("{FAE04EC0-301F-11D3-BF4B-00C04F79EFBC}") = "AvaloniaApplication4.Desktop", "AvaloniaApplication4.Desktop\AvaloniaApplication4.Desktop.csproj", "{406E8E68-3AE0-4B50-B79A-02956FB2C8A8}"
EndProject
Project("{2150E333-8FDC-42A3-9474-1A3956D46DE8}") = "MPV-HanumanInstitute.LibMpv.Avalonia", "MPV-HanumanInstitute.LibMpv.Avalonia", "{85965501-FF0A-49CA-B3C0-F5C9DCD24258}"
EndProject
Project("{FAE04EC0-301F-11D3-BF4B-00C04F79EFBC}") = "AvaloniaApplication5", "AvaloniaApplication5\AvaloniaApplication5.csproj", "{1334B1F4-C7F0-4AEA-9EB4-15FE49038E20}"
EndProject
Project("{FAE04EC0-301F-11D3-BF4B-00C04F79EFBC}") = "AvaloniaApplication5.Android", "AvaloniaApplication5.Android\AvaloniaApplication5.Android.csproj", "{B0AE10F2-84C4-4F14-A75C-62D3F690E015}"
EndProject
Project("{FAE04EC0-301F-11D3-BF4B-00C04F79EFBC}") = "AvaloniaApplication5.Desktop", "AvaloniaApplication5.Desktop\AvaloniaApplication5.Desktop.csproj", "{D54F7459-19C1-433D-8B9C-11C711B24148}"
EndProject
Project("{FAE04EC0-301F-11D3-BF4B-00C04F79EFBC}") = "AvaloniaApplication6", "AvaloniaApplication6\AvaloniaApplication6.csproj", "{3768339E-4711-463C-ABF5-9B03C879B376}"
EndProject
Project("{2150E333-8FDC-42A3-9474-1A3956D46DE8}") = "Image", "Image", "{01D59E6C-AC16-48C4-AFD6-EA3995B9004F}"
EndProject
Global
	GlobalSection(SolutionConfigurationPlatforms) = preSolution
		Debug|Any CPU = Debug|Any CPU
		Release|Any CPU = Release|Any CPU
	EndGlobalSection
	GlobalSection(ProjectConfigurationPlatforms) = postSolution
		{F70869FF-C424-471D-8BAC-712EDDCC10BA}.Debug|Any CPU.ActiveCfg = Debug|Any CPU
		{F70869FF-C424-471D-8BAC-712EDDCC10BA}.Debug|Any CPU.Build.0 = Debug|Any CPU
		{F70869FF-C424-471D-8BAC-712EDDCC10BA}.Release|Any CPU.ActiveCfg = Release|Any CPU
		{F70869FF-C424-471D-8BAC-712EDDCC10BA}.Release|Any CPU.Build.0 = Release|Any CPU
		{CCC92212-C898-4DB2-8D4B-B94F884FB4B0}.Debug|Any CPU.ActiveCfg = Debug|Any CPU
		{CCC92212-C898-4DB2-8D4B-B94F884FB4B0}.Debug|Any CPU.Build.0 = Debug|Any CPU
		{CCC92212-C898-4DB2-8D4B-B94F884FB4B0}.Release|Any CPU.ActiveCfg = Release|Any CPU
		{CCC92212-C898-4DB2-8D4B-B94F884FB4B0}.Release|Any CPU.Build.0 = Release|Any CPU
		{6E08A540-B1DD-46B0-B8B4-FF9E1EC2660F}.Debug|Any CPU.ActiveCfg = Debug|Any CPU
		{6E08A540-B1DD-46B0-B8B4-FF9E1EC2660F}.Debug|Any CPU.Build.0 = Debug|Any CPU
		{6E08A540-B1DD-46B0-B8B4-FF9E1EC2660F}.Release|Any CPU.ActiveCfg = Release|Any CPU
		{6E08A540-B1DD-46B0-B8B4-FF9E1EC2660F}.Release|Any CPU.Build.0 = Release|Any CPU
		{241B6210-C8CF-4767-9EBE-5348E7866A32}.Debug|Any CPU.ActiveCfg = Debug|Any CPU
		{241B6210-C8CF-4767-9EBE-5348E7866A32}.Debug|Any CPU.Build.0 = Debug|Any CPU
		{241B6210-C8CF-4767-9EBE-5348E7866A32}.Release|Any CPU.ActiveCfg = Release|Any CPU
		{241B6210-C8CF-4767-9EBE-5348E7866A32}.Release|Any CPU.Build.0 = Release|Any CPU
		{91707D70-8A9C-4E8B-82F3-AF4E22E9CE28}.Debug|Any CPU.ActiveCfg = Debug|Any CPU
		{91707D70-8A9C-4E8B-82F3-AF4E22E9CE28}.Debug|Any CPU.Build.0 = Debug|Any CPU
		{91707D70-8A9C-4E8B-82F3-AF4E22E9CE28}.Release|Any CPU.ActiveCfg = Release|Any CPU
		{91707D70-8A9C-4E8B-82F3-AF4E22E9CE28}.Release|Any CPU.Build.0 = Release|Any CPU
		{DC5B0151-4E7F-4FEC-AA2E-2B39D10BE76D}.Debug|Any CPU.ActiveCfg = Debug|Any CPU
		{DC5B0151-4E7F-4FEC-AA2E-2B39D10BE76D}.Debug|Any CPU.Build.0 = Debug|Any CPU
		{DC5B0151-4E7F-4FEC-AA2E-2B39D10BE76D}.Debug|Any CPU.Deploy.0 = Debug|Any CPU
		{DC5B0151-4E7F-4FEC-AA2E-2B39D10BE76D}.Release|Any CPU.ActiveCfg = Release|Any CPU
		{DC5B0151-4E7F-4FEC-AA2E-2B39D10BE76D}.Release|Any CPU.Build.0 = Release|Any CPU
		{DC5B0151-4E7F-4FEC-AA2E-2B39D10BE76D}.Release|Any CPU.Deploy.0 = Release|Any CPU
		{471EC9CB-EDED-480B-94E0-8BDDAFEF50FC}.Debug|Any CPU.ActiveCfg = Debug|Any CPU
		{471EC9CB-EDED-480B-94E0-8BDDAFEF50FC}.Debug|Any CPU.Build.0 = Debug|Any CPU
		{471EC9CB-EDED-480B-94E0-8BDDAFEF50FC}.Release|Any CPU.ActiveCfg = Release|Any CPU
		{471EC9CB-EDED-480B-94E0-8BDDAFEF50FC}.Release|Any CPU.Build.0 = Release|Any CPU
		{14E4CD21-1A19-4D7A-A1F2-58E44C5FA610}.Debug|Any CPU.ActiveCfg = Debug|Any CPU
		{14E4CD21-1A19-4D7A-A1F2-58E44C5FA610}.Debug|Any CPU.Build.0 = Debug|Any CPU
		{14E4CD21-1A19-4D7A-A1F2-58E44C5FA610}.Release|Any CPU.ActiveCfg = Release|Any CPU
		{14E4CD21-1A19-4D7A-A1F2-58E44C5FA610}.Release|Any CPU.Build.0 = Release|Any CPU
		{0D0F2621-6550-44A2-99AA-9DE264020EDB}.Debug|Any CPU.ActiveCfg = Debug|Any CPU
		{0D0F2621-6550-44A2-99AA-9DE264020EDB}.Debug|Any CPU.Build.0 = Debug|Any CPU
		{0D0F2621-6550-44A2-99AA-9DE264020EDB}.Debug|Any CPU.Deploy.0 = Debug|Any CPU
		{0D0F2621-6550-44A2-99AA-9DE264020EDB}.Release|Any CPU.ActiveCfg = Release|Any CPU
		{0D0F2621-6550-44A2-99AA-9DE264020EDB}.Release|Any CPU.Build.0 = Release|Any CPU
		{0D0F2621-6550-44A2-99AA-9DE264020EDB}.Release|Any CPU.Deploy.0 = Release|Any CPU
		{406E8E68-3AE0-4B50-B79A-02956FB2C8A8}.Debug|Any CPU.ActiveCfg = Debug|Any CPU
		{406E8E68-3AE0-4B50-B79A-02956FB2C8A8}.Debug|Any CPU.Build.0 = Debug|Any CPU
		{406E8E68-3AE0-4B50-B79A-02956FB2C8A8}.Release|Any CPU.ActiveCfg = Release|Any CPU
		{406E8E68-3AE0-4B50-B79A-02956FB2C8A8}.Release|Any CPU.Build.0 = Release|Any CPU
		{1334B1F4-C7F0-4AEA-9EB4-15FE49038E20}.Debug|Any CPU.ActiveCfg = Debug|Any CPU
		{1334B1F4-C7F0-4AEA-9EB4-15FE49038E20}.Debug|Any CPU.Build.0 = Debug|Any CPU
		{1334B1F4-C7F0-4AEA-9EB4-15FE49038E20}.Release|Any CPU.ActiveCfg = Release|Any CPU
		{1334B1F4-C7F0-4AEA-9EB4-15FE49038E20}.Release|Any CPU.Build.0 = Release|Any CPU
		{B0AE10F2-84C4-4F14-A75C-62D3F690E015}.Debug|Any CPU.ActiveCfg = Debug|Any CPU
		{B0AE10F2-84C4-4F14-A75C-62D3F690E015}.Debug|Any CPU.Build.0 = Debug|Any CPU
		{B0AE10F2-84C4-4F14-A75C-62D3F690E015}.Debug|Any CPU.Deploy.0 = Debug|Any CPU
		{B0AE10F2-84C4-4F14-A75C-62D3F690E015}.Release|Any CPU.ActiveCfg = Release|Any CPU
		{B0AE10F2-84C4-4F14-A75C-62D3F690E015}.Release|Any CPU.Build.0 = Release|Any CPU
		{B0AE10F2-84C4-4F14-A75C-62D3F690E015}.Release|Any CPU.Deploy.0 = Release|Any CPU
		{D54F7459-19C1-433D-8B9C-11C711B24148}.Debug|Any CPU.ActiveCfg = Debug|Any CPU
		{D54F7459-19C1-433D-8B9C-11C711B24148}.Debug|Any CPU.Build.0 = Debug|Any CPU
		{D54F7459-19C1-433D-8B9C-11C711B24148}.Release|Any CPU.ActiveCfg = Release|Any CPU
		{D54F7459-19C1-433D-8B9C-11C711B24148}.Release|Any CPU.Build.0 = Release|Any CPU
		{3768339E-4711-463C-ABF5-9B03C879B376}.Debug|Any CPU.ActiveCfg = Debug|Any CPU
		{3768339E-4711-463C-ABF5-9B03C879B376}.Debug|Any CPU.Build.0 = Debug|Any CPU
		{3768339E-4711-463C-ABF5-9B03C879B376}.Release|Any CPU.ActiveCfg = Release|Any CPU
		{3768339E-4711-463C-ABF5-9B03C879B376}.Release|Any CPU.Build.0 = Release|Any CPU
	EndGlobalSection
	GlobalSection(SolutionProperties) = preSolution
		HideSolutionNode = FALSE
	EndGlobalSection
	GlobalSection(NestedProjects) = preSolution
		{F70869FF-C424-471D-8BAC-712EDDCC10BA} = {8866E3D0-B211-4381-9A81-6ECB5DCD5232}
		{CCC92212-C898-4DB2-8D4B-B94F884FB4B0} = {8866E3D0-B211-4381-9A81-6ECB5DCD5232}
		{6E08A540-B1DD-46B0-B8B4-FF9E1EC2660F} = {1810D495-5476-43E3-818D-059DC637C6BD}
		{241B6210-C8CF-4767-9EBE-5348E7866A32} = {1810D495-5476-43E3-818D-059DC637C6BD}
		{8866E3D0-B211-4381-9A81-6ECB5DCD5232} = {4B9D7925-26B2-4E48-9DE1-CC22940E77F6}
		{1810D495-5476-43E3-818D-059DC637C6BD} = {4B9D7925-26B2-4E48-9DE1-CC22940E77F6}
		{3CB45168-E803-47AB-AE8A-EC95B9E9E99A} = {AC597DAA-BD72-4D92-9D39-94A5067447AD}
		{91707D70-8A9C-4E8B-82F3-AF4E22E9CE28} = {7FD4BB16-33C1-4EBD-826D-14658AC304E6}
		{DC5B0151-4E7F-4FEC-AA2E-2B39D10BE76D} = {7FD4BB16-33C1-4EBD-826D-14658AC304E6}
		{471EC9CB-EDED-480B-94E0-8BDDAFEF50FC} = {7FD4BB16-33C1-4EBD-826D-14658AC304E6}
		{7FD4BB16-33C1-4EBD-826D-14658AC304E6} = {3CB45168-E803-47AB-AE8A-EC95B9E9E99A}
		{32CB6FD0-F5F5-4E58-B990-C5972A7901F1} = {3CB45168-E803-47AB-AE8A-EC95B9E9E99A}
		{14E4CD21-1A19-4D7A-A1F2-58E44C5FA610} = {32CB6FD0-F5F5-4E58-B990-C5972A7901F1}
		{0D0F2621-6550-44A2-99AA-9DE264020EDB} = {32CB6FD0-F5F5-4E58-B990-C5972A7901F1}
		{406E8E68-3AE0-4B50-B79A-02956FB2C8A8} = {32CB6FD0-F5F5-4E58-B990-C5972A7901F1}
		{85965501-FF0A-49CA-B3C0-F5C9DCD24258} = {3CB45168-E803-47AB-AE8A-EC95B9E9E99A}
		{1334B1F4-C7F0-4AEA-9EB4-15FE49038E20} = {85965501-FF0A-49CA-B3C0-F5C9DCD24258}
		{B0AE10F2-84C4-4F14-A75C-62D3F690E015} = {85965501-FF0A-49CA-B3C0-F5C9DCD24258}
		{D54F7459-19C1-433D-8B9C-11C711B24148} = {85965501-FF0A-49CA-B3C0-F5C9DCD24258}
		{3768339E-4711-463C-ABF5-9B03C879B376} = {01D59E6C-AC16-48C4-AFD6-EA3995B9004F}
		{01D59E6C-AC16-48C4-AFD6-EA3995B9004F} = {AC597DAA-BD72-4D92-9D39-94A5067447AD}
	EndGlobalSection
EndGlobal
